
Microsoft Visual Studio Solution File, Format Version 12.00
# Visual Studio Version 17
VisualStudioVersion = 17.0.31903.59
MinimumVisualStudioVersion = 10.0.40219.1
Project("{9A19103F-16F7-4668-BE54-9A1E7A4F7556}") = "miranaSolution.Data", "miranaSolution.Data\miranaSolution.Data.csproj", "{AC46BA1A-60F7-4626-90E7-7D42DFB0DE8E}"
EndProject
Project("{9A19103F-16F7-4668-BE54-9A1E7A4F7556}") = "miranaSolution.Utilities", "miranaSolution.Utilities\miranaSolution.Utilities.csproj", "{B4355E52-EEF2-4924-A24E-5AB2631AE2E9}"
EndProject
Project("{9A19103F-16F7-4668-BE54-9A1E7A4F7556}") = "miranaSolution.BackendApi", "miranaSolution.BackendApi\miranaSolution.BackendApi.csproj", "{11F0F066-2EF8-4A80-B7C9-DF6B28E69F27}"
EndProject
Project("{9A19103F-16F7-4668-BE54-9A1E7A4F7556}") = "miranaSolution.Business", "miranaSolution.Business\miranaSolution.Business.csproj", "{204BC5DC-F286-4520-A43E-4A8C6701D50B}"
EndProject
Project("{9A19103F-16F7-4668-BE54-9A1E7A4F7556}") = "miranaSolution.Dtos", "miranaSolution.Dtos\miranaSolution.Dtos.csproj", "{4DDD7FFF-45C5-49AC-916A-0562EF629243}"
EndProject
Global
	GlobalSection(SolutionConfigurationPlatforms) = preSolution
		Debug|Any CPU = Debug|Any CPU
		Release|Any CPU = Release|Any CPU
	EndGlobalSection
	GlobalSection(ProjectConfigurationPlatforms) = postSolution
		{AC46BA1A-60F7-4626-90E7-7D42DFB0DE8E}.Debug|Any CPU.ActiveCfg = Debug|Any CPU
		{AC46BA1A-60F7-4626-90E7-7D42DFB0DE8E}.Debug|Any CPU.Build.0 = Debug|Any CPU
		{AC46BA1A-60F7-4626-90E7-7D42DFB0DE8E}.Release|Any CPU.ActiveCfg = Release|Any CPU
		{AC46BA1A-60F7-4626-90E7-7D42DFB0DE8E}.Release|Any CPU.Build.0 = Release|Any CPU
		{B4355E52-EEF2-4924-A24E-5AB2631AE2E9}.Debug|Any CPU.ActiveCfg = Debug|Any CPU
		{B4355E52-EEF2-4924-A24E-5AB2631AE2E9}.Debug|Any CPU.Build.0 = Debug|Any CPU
		{B4355E52-EEF2-4924-A24E-5AB2631AE2E9}.Release|Any CPU.ActiveCfg = Release|Any CPU
		{B4355E52-EEF2-4924-A24E-5AB2631AE2E9}.Release|Any CPU.Build.0 = Release|Any CPU
		{11F0F066-2EF8-4A80-B7C9-DF6B28E69F27}.Debug|Any CPU.ActiveCfg = Debug|Any CPU
		{11F0F066-2EF8-4A80-B7C9-DF6B28E69F27}.Debug|Any CPU.Build.0 = Debug|Any CPU
		{11F0F066-2EF8-4A80-B7C9-DF6B28E69F27}.Release|Any CPU.ActiveCfg = Release|Any CPU
		{11F0F066-2EF8-4A80-B7C9-DF6B28E69F27}.Release|Any CPU.Build.0 = Release|Any CPU
		{204BC5DC-F286-4520-A43E-4A8C6701D50B}.Debug|Any CPU.ActiveCfg = Debug|Any CPU
		{204BC5DC-F286-4520-A43E-4A8C6701D50B}.Debug|Any CPU.Build.0 = Debug|Any CPU
		{204BC5DC-F286-4520-A43E-4A8C6701D50B}.Release|Any CPU.ActiveCfg = Release|Any CPU
		{204BC5DC-F286-4520-A43E-4A8C6701D50B}.Release|Any CPU.Build.0 = Release|Any CPU
		{4DDD7FFF-45C5-49AC-916A-0562EF629243}.Debug|Any CPU.ActiveCfg = Debug|Any CPU
		{4DDD7FFF-45C5-49AC-916A-0562EF629243}.Debug|Any CPU.Build.0 = Debug|Any CPU
		{4DDD7FFF-45C5-49AC-916A-0562EF629243}.Release|Any CPU.ActiveCfg = Release|Any CPU
		{4DDD7FFF-45C5-49AC-916A-0562EF629243}.Release|Any CPU.Build.0 = Release|Any CPU
	EndGlobalSection
	GlobalSection(SolutionProperties) = preSolution
		HideSolutionNode = FALSE
	EndGlobalSection
	GlobalSection(ExtensibilityGlobals) = postSolution
		SolutionGuid = {3955E15F-C9ED-4233-BCF9-A43662463B9B}
	EndGlobalSection
EndGlobal
