
Microsoft Visual Studio Solution File, Format Version 12.00
# Visual Studio Version 17
VisualStudioVersion = 17.0.31903.59
MinimumVisualStudioVersion = 10.0.40219.1
Project("{2150E333-8FDC-42A3-9474-1A3956D46DE8}") = "src", "src", "{24F9AE71-D403-4796-8D43-DBAE3E1A8A0B}"
EndProject
Project("{FAE04EC0-301F-11D3-BF4B-00C04F79EFBC}") = "miranaSolution.BackendApi", "src\miranaSolution.BackendApi\miranaSolution.BackendApi.csproj", "{F353E642-2126-4819-8B73-4C3DFAA7BF6E}"
EndProject
Project("{FAE04EC0-301F-11D3-BF4B-00C04F79EFBC}") = "miranaSolution.Business", "src\miranaSolution.Business\miranaSolution.Business.csproj", "{AFF35CE9-E624-4BB6-9072-EE28974D5F61}"
EndProject
Project("{FAE04EC0-301F-11D3-BF4B-00C04F79EFBC}") = "miranaSolution.Data", "src\miranaSolution.Data\miranaSolution.Data.csproj", "{17190B3E-D5F1-422C-851F-77975144F22B}"
EndProject
Project("{FAE04EC0-301F-11D3-BF4B-00C04F79EFBC}") = "miranaSolution.Dtos", "src\miranaSolution.Dtos\miranaSolution.Dtos.csproj", "{153956F5-8D8F-4011-B474-0CB5D7B7618D}"
EndProject
Project("{FAE04EC0-301F-11D3-BF4B-00C04F79EFBC}") = "miranaSolution.Utilities", "src\miranaSolution.Utilities\miranaSolution.Utilities.csproj", "{26083ADD-2BFF-4034-93FA-9A955837D901}"
EndProject
Project("{2150E333-8FDC-42A3-9474-1A3956D46DE8}") = "frontend", "frontend", "{E285A631-AF3F-4961-9364-C705377CDF93}"
EndProject
Project("{FAE04EC0-301F-11D3-BF4B-00C04F79EFBC}") = "miranaSolution.Admin", "src\frontend\miranaSolution.Admin\miranaSolution.Admin.csproj", "{FAFA15D9-1622-4929-A86A-A86D97EA4D42}"
EndProject
Global
	GlobalSection(SolutionConfigurationPlatforms) = preSolution
		Debug|Any CPU = Debug|Any CPU
		Release|Any CPU = Release|Any CPU
	EndGlobalSection
	GlobalSection(ProjectConfigurationPlatforms) = postSolution
		{F353E642-2126-4819-8B73-4C3DFAA7BF6E}.Debug|Any CPU.ActiveCfg = Debug|Any CPU
		{F353E642-2126-4819-8B73-4C3DFAA7BF6E}.Debug|Any CPU.Build.0 = Debug|Any CPU
		{F353E642-2126-4819-8B73-4C3DFAA7BF6E}.Release|Any CPU.ActiveCfg = Release|Any CPU
		{F353E642-2126-4819-8B73-4C3DFAA7BF6E}.Release|Any CPU.Build.0 = Release|Any CPU
		{AFF35CE9-E624-4BB6-9072-EE28974D5F61}.Debug|Any CPU.ActiveCfg = Debug|Any CPU
		{AFF35CE9-E624-4BB6-9072-EE28974D5F61}.Debug|Any CPU.Build.0 = Debug|Any CPU
		{AFF35CE9-E624-4BB6-9072-EE28974D5F61}.Release|Any CPU.ActiveCfg = Release|Any CPU
		{AFF35CE9-E624-4BB6-9072-EE28974D5F61}.Release|Any CPU.Build.0 = Release|Any CPU
		{17190B3E-D5F1-422C-851F-77975144F22B}.Debug|Any CPU.ActiveCfg = Debug|Any CPU
		{17190B3E-D5F1-422C-851F-77975144F22B}.Debug|Any CPU.Build.0 = Debug|Any CPU
		{17190B3E-D5F1-422C-851F-77975144F22B}.Release|Any CPU.ActiveCfg = Release|Any CPU
		{17190B3E-D5F1-422C-851F-77975144F22B}.Release|Any CPU.Build.0 = Release|Any CPU
		{153956F5-8D8F-4011-B474-0CB5D7B7618D}.Debug|Any CPU.ActiveCfg = Debug|Any CPU
		{153956F5-8D8F-4011-B474-0CB5D7B7618D}.Debug|Any CPU.Build.0 = Debug|Any CPU
		{153956F5-8D8F-4011-B474-0CB5D7B7618D}.Release|Any CPU.ActiveCfg = Release|Any CPU
		{153956F5-8D8F-4011-B474-0CB5D7B7618D}.Release|Any CPU.Build.0 = Release|Any CPU
		{26083ADD-2BFF-4034-93FA-9A955837D901}.Debug|Any CPU.ActiveCfg = Debug|Any CPU
		{26083ADD-2BFF-4034-93FA-9A955837D901}.Debug|Any CPU.Build.0 = Debug|Any CPU
		{26083ADD-2BFF-4034-93FA-9A955837D901}.Release|Any CPU.ActiveCfg = Release|Any CPU
		{26083ADD-2BFF-4034-93FA-9A955837D901}.Release|Any CPU.Build.0 = Release|Any CPU
		{FAFA15D9-1622-4929-A86A-A86D97EA4D42}.Debug|Any CPU.ActiveCfg = Debug|Any CPU
		{FAFA15D9-1622-4929-A86A-A86D97EA4D42}.Debug|Any CPU.Build.0 = Debug|Any CPU
		{FAFA15D9-1622-4929-A86A-A86D97EA4D42}.Release|Any CPU.ActiveCfg = Release|Any CPU
		{FAFA15D9-1622-4929-A86A-A86D97EA4D42}.Release|Any CPU.Build.0 = Release|Any CPU
	EndGlobalSection
	GlobalSection(SolutionProperties) = preSolution
		HideSolutionNode = FALSE
	EndGlobalSection
	GlobalSection(ExtensibilityGlobals) = postSolution
		SolutionGuid = {3955E15F-C9ED-4233-BCF9-A43662463B9B}
	EndGlobalSection
	GlobalSection(NestedProjects) = preSolution
		{F353E642-2126-4819-8B73-4C3DFAA7BF6E} = {24F9AE71-D403-4796-8D43-DBAE3E1A8A0B}
		{AFF35CE9-E624-4BB6-9072-EE28974D5F61} = {24F9AE71-D403-4796-8D43-DBAE3E1A8A0B}
		{17190B3E-D5F1-422C-851F-77975144F22B} = {24F9AE71-D403-4796-8D43-DBAE3E1A8A0B}
		{153956F5-8D8F-4011-B474-0CB5D7B7618D} = {24F9AE71-D403-4796-8D43-DBAE3E1A8A0B}
		{26083ADD-2BFF-4034-93FA-9A955837D901} = {24F9AE71-D403-4796-8D43-DBAE3E1A8A0B}
		{E285A631-AF3F-4961-9364-C705377CDF93} = {24F9AE71-D403-4796-8D43-DBAE3E1A8A0B}
		{FAFA15D9-1622-4929-A86A-A86D97EA4D42} = {E285A631-AF3F-4961-9364-C705377CDF93}
	EndGlobalSection
EndGlobal
