
Microsoft Visual Studio Solution File, Format Version 12.00
# Visual Studio Version 17
VisualStudioVersion = 17.0.31903.59
MinimumVisualStudioVersion = 10.0.40219.1
Project("{FAE04EC0-301F-11D3-BF4B-00C04F79EFBC}") = "miranaSolution.Data", "miranaSolution.Data\miranaSolution.Data.csproj", "{AC46BA1A-60F7-4626-90E7-7D42DFB0DE8E}"
EndProject
Project("{FAE04EC0-301F-11D3-BF4B-00C04F79EFBC}") = "miranaSolution.Utilities", "miranaSolution.Utilities\miranaSolution.Utilities.csproj", "{B4355E52-EEF2-4924-A24E-5AB2631AE2E9}"
EndProject
Global
	GlobalSection(SolutionConfigurationPlatforms) = preSolution
		Debug|Any CPU = Debug|Any CPU
		Release|Any CPU = Release|Any CPU
	EndGlobalSection
	GlobalSection(ProjectConfigurationPlatforms) = postSolution
		{AC46BA1A-60F7-4626-90E7-7D42DFB0DE8E}.Debug|Any CPU.ActiveCfg = Debug|Any CPU
		{AC46BA1A-60F7-4626-90E7-7D42DFB0DE8E}.Debug|Any CPU.Build.0 = Debug|Any CPU
		{AC46BA1A-60F7-4626-90E7-7D42DFB0DE8E}.Release|Any CPU.ActiveCfg = Release|Any CPU
		{AC46BA1A-60F7-4626-90E7-7D42DFB0DE8E}.Release|Any CPU.Build.0 = Release|Any CPU
		{B4355E52-EEF2-4924-A24E-5AB2631AE2E9}.Debug|Any CPU.ActiveCfg = Debug|Any CPU
		{B4355E52-EEF2-4924-A24E-5AB2631AE2E9}.Debug|Any CPU.Build.0 = Debug|Any CPU
		{B4355E52-EEF2-4924-A24E-5AB2631AE2E9}.Release|Any CPU.ActiveCfg = Release|Any CPU
		{B4355E52-EEF2-4924-A24E-5AB2631AE2E9}.Release|Any CPU.Build.0 = Release|Any CPU
	EndGlobalSection
	GlobalSection(SolutionProperties) = preSolution
		HideSolutionNode = FALSE
	EndGlobalSection
	GlobalSection(ExtensibilityGlobals) = postSolution
		SolutionGuid = {3955E15F-C9ED-4233-BCF9-A43662463B9B}
	EndGlobalSection
EndGlobal
